
Microsoft Visual Studio Solution File, Format Version 12.00
# Visual Studio Version 16
VisualStudioVersion = 16.0.32228.343
MinimumVisualStudioVersion = 10.0.40219.1
Project("{9A19103F-16F7-4668-BE54-9A1E7A4F7556}") = "Framework", "Framework\Framework.csproj", "{F06F192D-A340-43DB-AA97-5FBCA14E1228}"
EndProject
Project("{9A19103F-16F7-4668-BE54-9A1E7A4F7556}") = "Royal", "Royal\Royal.csproj", "{E226A440-495E-4817-861F-78716D6B44C1}"
EndProject
Project("{9A19103F-16F7-4668-BE54-9A1E7A4F7556}") = "Royal.Test", "Royal.Test\Royal.Test.csproj", "{75A08EF4-44AE-4E72-8AE3-706D1710C234}"
EndProject
Project("{2150E333-8FDC-42A3-9474-1A3956D46DE8}") = "_driver", "_driver", "{9CE39721-6A0D-49A6-ACCB-CA39E33F73E0}"
	ProjectSection(SolutionItems) = preProject
		..\..\..\Desktop\chromedriver.exe = ..\..\..\Desktop\chromedriver.exe
	EndProjectSection
EndProject
Global
	GlobalSection(SolutionConfigurationPlatforms) = preSolution
		Debug|Any CPU = Debug|Any CPU
		Release|Any CPU = Release|Any CPU
	EndGlobalSection
	GlobalSection(ProjectConfigurationPlatforms) = postSolution
		{F06F192D-A340-43DB-AA97-5FBCA14E1228}.Debug|Any CPU.ActiveCfg = Debug|Any CPU
		{F06F192D-A340-43DB-AA97-5FBCA14E1228}.Debug|Any CPU.Build.0 = Debug|Any CPU
		{F06F192D-A340-43DB-AA97-5FBCA14E1228}.Release|Any CPU.ActiveCfg = Release|Any CPU
		{F06F192D-A340-43DB-AA97-5FBCA14E1228}.Release|Any CPU.Build.0 = Release|Any CPU
		{E226A440-495E-4817-861F-78716D6B44C1}.Debug|Any CPU.ActiveCfg = Debug|Any CPU
		{E226A440-495E-4817-861F-78716D6B44C1}.Debug|Any CPU.Build.0 = Debug|Any CPU
		{E226A440-495E-4817-861F-78716D6B44C1}.Release|Any CPU.ActiveCfg = Release|Any CPU
		{E226A440-495E-4817-861F-78716D6B44C1}.Release|Any CPU.Build.0 = Release|Any CPU
		{75A08EF4-44AE-4E72-8AE3-706D1710C234}.Debug|Any CPU.ActiveCfg = Debug|Any CPU
		{75A08EF4-44AE-4E72-8AE3-706D1710C234}.Debug|Any CPU.Build.0 = Debug|Any CPU
		{75A08EF4-44AE-4E72-8AE3-706D1710C234}.Release|Any CPU.ActiveCfg = Release|Any CPU
		{75A08EF4-44AE-4E72-8AE3-706D1710C234}.Release|Any CPU.Build.0 = Release|Any CPU
	EndGlobalSection
	GlobalSection(SolutionProperties) = preSolution
		HideSolutionNode = FALSE
	EndGlobalSection
	GlobalSection(ExtensibilityGlobals) = postSolution
		SolutionGuid = {3A4E0D0D-E1A1-4AA7-8198-DBA7B46890D4}
	EndGlobalSection
EndGlobal
